{
  "name": "04-1-esm-module-system",
  "version": "1.0.0",
  "lockfileVersion": 2,
  "requires": true,
  "packages": {
    "": {
      "name": "04-1-esm-module-system",
      "version": "1.0.0",
      "license": "ISC",
      "dependencies": {
        "04-1-esm-module-system": "file:"
      }
    },
    "node_modules/04-1-esm-module-system": {
      "resolved": "",
      "link": true
    }
  },
  "dependencies": {
    "04-1-esm-module-system": {
      "version": "file:",
      "requires": {
        "04-1-esm-module-system": "file:"
      }
    }
  }
}
